
Microsoft Visual Studio Solution File, Format Version 12.00
# Visual Studio Version 17
VisualStudioVersion = 17.7.34031.279
MinimumVisualStudioVersion = 10.0.40219.1
Project("{9A19103F-16F7-4668-BE54-9A1E7A4F7556}") = "fitness-tracker-api", "fitness-tracker-api.csproj", "{B707C2CA-7B6A-4964-A046-C7E6F1045F6D}"
EndProject
Project("{FAE04EC0-301F-11D3-BF4B-00C04F79EFBC}") = "fitness-tracker-api_test", "..\fitness-tracker-api_test\fitness-tracker-api_test.csproj", "{CB0A1BAF-91D8-46F1-85E9-40A6731930EC}"
EndProject
Global
	GlobalSection(SolutionConfigurationPlatforms) = preSolution
		Debug|Any CPU = Debug|Any CPU
		Release|Any CPU = Release|Any CPU
	EndGlobalSection
	GlobalSection(ProjectConfigurationPlatforms) = postSolution
		{B707C2CA-7B6A-4964-A046-C7E6F1045F6D}.Debug|Any CPU.ActiveCfg = Debug|Any CPU
		{B707C2CA-7B6A-4964-A046-C7E6F1045F6D}.Debug|Any CPU.Build.0 = Debug|Any CPU
		{B707C2CA-7B6A-4964-A046-C7E6F1045F6D}.Release|Any CPU.ActiveCfg = Release|Any CPU
		{B707C2CA-7B6A-4964-A046-C7E6F1045F6D}.Release|Any CPU.Build.0 = Release|Any CPU
		{CB0A1BAF-91D8-46F1-85E9-40A6731930EC}.Debug|Any CPU.ActiveCfg = Debug|Any CPU
		{CB0A1BAF-91D8-46F1-85E9-40A6731930EC}.Debug|Any CPU.Build.0 = Debug|Any CPU
		{CB0A1BAF-91D8-46F1-85E9-40A6731930EC}.Release|Any CPU.ActiveCfg = Release|Any CPU
		{CB0A1BAF-91D8-46F1-85E9-40A6731930EC}.Release|Any CPU.Build.0 = Release|Any CPU
	EndGlobalSection
	GlobalSection(SolutionProperties) = preSolution
		HideSolutionNode = FALSE
	EndGlobalSection
	GlobalSection(ExtensibilityGlobals) = postSolution
		SolutionGuid = {9A7162FF-9F50-4163-93C8-AC4664DF018D}
	EndGlobalSection
EndGlobal
